
Microsoft Visual Studio Solution File, Format Version 12.00
# Visual Studio Version 17
VisualStudioVersion = 17.5.33414.496
MinimumVisualStudioVersion = 10.0.40219.1
Project("{FAE04EC0-301F-11D3-BF4B-00C04F79EFBC}") = "back-end", "back-end\back-end.csproj", "{D552024C-0CED-44B1-A268-9E875C65E62B}"
EndProject
Global
	GlobalSection(SolutionConfigurationPlatforms) = preSolution
		Debug|Any CPU = Debug|Any CPU
		Release|Any CPU = Release|Any CPU
	EndGlobalSection
	GlobalSection(ProjectConfigurationPlatforms) = postSolution
		{D552024C-0CED-44B1-A268-9E875C65E62B}.Debug|Any CPU.ActiveCfg = Debug|Any CPU
		{D552024C-0CED-44B1-A268-9E875C65E62B}.Debug|Any CPU.Build.0 = Debug|Any CPU
		{D552024C-0CED-44B1-A268-9E875C65E62B}.Release|Any CPU.ActiveCfg = Release|Any CPU
		{D552024C-0CED-44B1-A268-9E875C65E62B}.Release|Any CPU.Build.0 = Release|Any CPU
	EndGlobalSection
	GlobalSection(SolutionProperties) = preSolution
		HideSolutionNode = FALSE
	EndGlobalSection
	GlobalSection(ExtensibilityGlobals) = postSolution
		SolutionGuid = {89B254CD-2A69-47BA-B464-83CB36A53613}
	EndGlobalSection
EndGlobal
